Microsoft Visual Studio Solution File, Format Version 12.00
# Visual Studio 15
VisualStudioVersion = 15.0.28307.539
MinimumVisualStudioVersion = 10.0.40219.1
Project("{2150E333-8FDC-42A3-9474-1A3956D46DE8}") = "Solution Items", "Solution Items", "{4092089B-2D3D-4E4B-B47B-A4B83CEC5D49}"
	ProjectSection(SolutionItems) = preProject
		..\ChemOfficeEnterprise11\COEExceptionHandling.xml = ..\ChemOfficeEnterprise11\COEExceptionHandling.xml
		..\ChemOfficeEnterprise11\COEFrameworkConfig.xml = ..\ChemOfficeEnterprise11\COEFrameworkConfig.xml
		..\ChemOfficeEnterprise11\COESharedAssemblyConfig.xml = ..\ChemOfficeEnterprise11\COESharedAssemblyConfig.xml
		..\ChemOfficeEnterprise11\ExceptionsHandling.xml = ..\ChemOfficeEnterprise11\ExceptionsHandling.xml
	EndProjectSection
EndProject
Project("{FAE04EC0-301F-11D3-BF4B-00C04F79EFBC}") = "CambridgeSoft.COE.Framework", "CambridgeSoft.COE.Framework\CambridgeSoft.COE.Framework.csproj", "{4CF61F5B-2D46-4136-B277-5080A04B395B}"
EndProject
Project("{E24C65DC-7377-472B-9ABA-BC803B73C61A}") = "CambridgeSoft.COE.Framework.WebServiceHost", "CambridgeSoft.COE.Framework.WebServiceHost", "{9672A4DC-D60F-4E11-9356-492619FA7660}"
	ProjectSection(WebsiteProperties) = preProject
		SccProjectName = ""
		SccAuxPath = ""
		SccLocalPath = ""
		SccProvider = ""
		TargetFrameworkMoniker = ".NETFramework,Version%3Dv4.0"
		Debug.AspNetCompiler.VirtualPath = "/CambridgeSoft.COE.Framework.WebServiceHost"
		Debug.AspNetCompiler.PhysicalPath = "CambridgeSoft.COE.Framework.WebServiceHost\"
		Debug.AspNetCompiler.TargetPath = "PrecompiledWeb\CambridgeSoft.COE.Framework.WebServiceHost\"
		Debug.AspNetCompiler.Updateable = "true"
		Debug.AspNetCompiler.ForceOverwrite = "true"
		Debug.AspNetCompiler.FixedNames = "false"
		Debug.AspNetCompiler.Debug = "True"
		Release.AspNetCompiler.VirtualPath = "/CambridgeSoft.COE.Framework.WebServiceHost"
		Release.AspNetCompiler.PhysicalPath = "CambridgeSoft.COE.Framework.WebServiceHost\"
		Release.AspNetCompiler.TargetPath = "PrecompiledWeb\CambridgeSoft.COE.Framework.WebServiceHost\"
		Release.AspNetCompiler.Updateable = "true"
		Release.AspNetCompiler.ForceOverwrite = "true"
		Release.AspNetCompiler.FixedNames = "false"
		Release.AspNetCompiler.Debug = "False"
		VWDPort = "4216"
		SlnRelativePath = "CambridgeSoft.COE.Framework.WebServiceHost\"
	EndProjectSection
EndProject
Project("{E24C65DC-7377-472B-9ABA-BC803B73C61A}") = "CambridgeSoft.COE.Framework.RemotingHost", "CambridgeSoft.COE.Framework.RemotingHost", "{445429F5-C7D1-45B3-887B-9FB1E392360D}"
	ProjectSection(WebsiteProperties) = preProject
		SccProjectName = ""
		SccAuxPath = ""
		SccLocalPath = ""
		SccProvider = ""
		TargetFrameworkMoniker = ".NETFramework,Version%3Dv4.0"
		Debug.AspNetCompiler.VirtualPath = "/CambridgeSoft.COE.Framework.RemotingHost"
		Debug.AspNetCompiler.PhysicalPath = "CambridgeSoft.COE.Framework.RemotingHost\"
		Debug.AspNetCompiler.TargetPath = "PrecompiledWeb\CambridgeSoft.COE.Framework.RemotingHost\"
		Debug.AspNetCompiler.Updateable = "true"
		Debug.AspNetCompiler.ForceOverwrite = "true"
		Debug.AspNetCompiler.FixedNames = "false"
		Debug.AspNetCompiler.Debug = "True"
		Release.AspNetCompiler.VirtualPath = "/CambridgeSoft.COE.Framework.RemotingHost"
		Release.AspNetCompiler.PhysicalPath = "CambridgeSoft.COE.Framework.RemotingHost\"
		Release.AspNetCompiler.TargetPath = "PrecompiledWeb\CambridgeSoft.COE.Framework.RemotingHost\"
		Release.AspNetCompiler.Updateable = "true"
		Release.AspNetCompiler.ForceOverwrite = "true"
		Release.AspNetCompiler.FixedNames = "false"
		Release.AspNetCompiler.Debug = "False"
		VWDPort = "4228"
		SlnRelativePath = "CambridgeSoft.COE.Framework.RemotingHost\"
	EndProjectSection
EndProject
Project("{FAE04EC0-301F-11D3-BF4B-00C04F79EFBC}") = "CambridgeSoft.COE.Framework.Web", "CambridgeSoft.COE.Framework.Web\CambridgeSoft.COE.Framework.Web.csproj", "{DAD4930C-278F-416C-BB43-1F9F74CC27AB}"
EndProject
Global
	GlobalSection(SolutionConfigurationPlatforms) = preSolution
		Debug|.NET = Debug|.NET
		Debug|Any CPU = Debug|Any CPU
		Debug|Mixed Platforms = Debug|Mixed Platforms
		Debug|x64 = Debug|x64
		Release|.NET = Release|.NET
		Release|Any CPU = Release|Any CPU
		Release|Mixed Platforms = Release|Mixed Platforms
		Release|x64 = Release|x64
	EndGlobalSection
	GlobalSection(ProjectConfigurationPlatforms) = postSolution
		{4CF61F5B-2D46-4136-B277-5080A04B395B}.Debug|.NET.ActiveCfg = Debug|Any CPU
		{4CF61F5B-2D46-4136-B277-5080A04B395B}.Debug|Any CPU.ActiveCfg = Debug|Any CPU
		{4CF61F5B-2D46-4136-B277-5080A04B395B}.Debug|Any CPU.Build.0 = Debug|Any CPU
		{4CF61F5B-2D46-4136-B277-5080A04B395B}.Debug|Mixed Platforms.ActiveCfg = Debug|Any CPU
		{4CF61F5B-2D46-4136-B277-5080A04B395B}.Debug|Mixed Platforms.Build.0 = Debug|Any CPU
		{4CF61F5B-2D46-4136-B277-5080A04B395B}.Debug|x64.ActiveCfg = Debug|x64
		{4CF61F5B-2D46-4136-B277-5080A04B395B}.Debug|x64.Build.0 = Debug|x64
		{4CF61F5B-2D46-4136-B277-5080A04B395B}.Release|.NET.ActiveCfg = Release|Any CPU
		{4CF61F5B-2D46-4136-B277-5080A04B395B}.Release|Any CPU.ActiveCfg = Release|Any CPU
		{4CF61F5B-2D46-4136-B277-5080A04B395B}.Release|Any CPU.Build.0 = Release|Any CPU
		{4CF61F5B-2D46-4136-B277-5080A04B395B}.Release|Mixed Platforms.ActiveCfg = Release|x64
		{4CF61F5B-2D46-4136-B277-5080A04B395B}.Release|Mixed Platforms.Build.0 = Release|x64
		{4CF61F5B-2D46-4136-B277-5080A04B395B}.Release|x64.ActiveCfg = Release|x64
		{4CF61F5B-2D46-4136-B277-5080A04B395B}.Release|x64.Build.0 = Release|x64
		{9672A4DC-D60F-4E11-9356-492619FA7660}.Debug|.NET.ActiveCfg = Debug|Any CPU
		{9672A4DC-D60F-4E11-9356-492619FA7660}.Debug|.NET.Build.0 = Debug|Any CPU
		{9672A4DC-D60F-4E11-9356-492619FA7660}.Debug|Any CPU.ActiveCfg = Debug|Any CPU
		{9672A4DC-D60F-4E11-9356-492619FA7660}.Debug|Any CPU.Build.0 = Debug|Any CPU
		{9672A4DC-D60F-4E11-9356-492619FA7660}.Debug|Mixed Platforms.ActiveCfg = Debug|Any CPU
		{9672A4DC-D60F-4E11-9356-492619FA7660}.Debug|Mixed Platforms.Build.0 = Debug|Any CPU
		{9672A4DC-D60F-4E11-9356-492619FA7660}.Debug|x64.ActiveCfg = Debug|Any CPU
		{9672A4DC-D60F-4E11-9356-492619FA7660}.Debug|x64.Build.0 = Debug|Any CPU
		{9672A4DC-D60F-4E11-9356-492619FA7660}.Release|.NET.ActiveCfg = Debug|Any CPU
		{9672A4DC-D60F-4E11-9356-492619FA7660}.Release|.NET.Build.0 = Debug|Any CPU
		{9672A4DC-D60F-4E11-9356-492619FA7660}.Release|Any CPU.ActiveCfg = Debug|Any CPU
		{9672A4DC-D60F-4E11-9356-492619FA7660}.Release|Any CPU.Build.0 = Debug|Any CPU
		{9672A4DC-D60F-4E11-9356-492619FA7660}.Release|Mixed Platforms.ActiveCfg = Debug|Any CPU
		{9672A4DC-D60F-4E11-9356-492619FA7660}.Release|Mixed Platforms.Build.0 = Debug|Any CPU
		{9672A4DC-D60F-4E11-9356-492619FA7660}.Release|x64.ActiveCfg = Debug|Any CPU
		{9672A4DC-D60F-4E11-9356-492619FA7660}.Release|x64.Build.0 = Debug|Any CPU
		{445429F5-C7D1-45B3-887B-9FB1E392360D}.Debug|.NET.ActiveCfg = Debug|Any CPU
		{445429F5-C7D1-45B3-887B-9FB1E392360D}.Debug|.NET.Build.0 = Debug|Any CPU
		{445429F5-C7D1-45B3-887B-9FB1E392360D}.Debug|Any CPU.ActiveCfg = Debug|Any CPU
		{445429F5-C7D1-45B3-887B-9FB1E392360D}.Debug|Any CPU.Build.0 = Debug|Any CPU
		{445429F5-C7D1-45B3-887B-9FB1E392360D}.Debug|Mixed Platforms.ActiveCfg = Debug|Any CPU
		{445429F5-C7D1-45B3-887B-9FB1E392360D}.Debug|Mixed Platforms.Build.0 = Debug|Any CPU
		{445429F5-C7D1-45B3-887B-9FB1E392360D}.Debug|x64.ActiveCfg = Debug|Any CPU
		{445429F5-C7D1-45B3-887B-9FB1E392360D}.Debug|x64.Build.0 = Debug|Any CPU
		{445429F5-C7D1-45B3-887B-9FB1E392360D}.Release|.NET.ActiveCfg = Debug|Any CPU
		{445429F5-C7D1-45B3-887B-9FB1E392360D}.Release|.NET.Build.0 = Debug|Any CPU
		{445429F5-C7D1-45B3-887B-9FB1E392360D}.Release|Any CPU.ActiveCfg = Debug|Any CPU
		{445429F5-C7D1-45B3-887B-9FB1E392360D}.Release|Any CPU.Build.0 = Debug|Any CPU
		{445429F5-C7D1-45B3-887B-9FB1E392360D}.Release|Mixed Platforms.ActiveCfg = Debug|Any CPU
		{445429F5-C7D1-45B3-887B-9FB1E392360D}.Release|Mixed Platforms.Build.0 = Debug|Any CPU
		{445429F5-C7D1-45B3-887B-9FB1E392360D}.Release|x64.ActiveCfg = Debug|Any CPU
		{445429F5-C7D1-45B3-887B-9FB1E392360D}.Release|x64.Build.0 = Debug|Any CPU
		{DAD4930C-278F-416C-BB43-1F9F74CC27AB}.Debug|.NET.ActiveCfg = Debug|Any CPU
		{DAD4930C-278F-416C-BB43-1F9F74CC27AB}.Debug|Any CPU.ActiveCfg = Debug|Any CPU
		{DAD4930C-278F-416C-BB43-1F9F74CC27AB}.Debug|Any CPU.Build.0 = Debug|Any CPU
		{DAD4930C-278F-416C-BB43-1F9F74CC27AB}.Debug|Mixed Platforms.ActiveCfg = Debug|Any CPU
		{DAD4930C-278F-416C-BB43-1F9F74CC27AB}.Debug|Mixed Platforms.Build.0 = Debug|Any CPU
		{DAD4930C-278F-416C-BB43-1F9F74CC27AB}.Debug|x64.ActiveCfg = Debug|x64
		{DAD4930C-278F-416C-BB43-1F9F74CC27AB}.Debug|x64.Build.0 = Debug|x64
		{DAD4930C-278F-416C-BB43-1F9F74CC27AB}.Release|.NET.ActiveCfg = Release|Any CPU
		{DAD4930C-278F-416C-BB43-1F9F74CC27AB}.Release|Any CPU.ActiveCfg = Release|Any CPU
		{DAD4930C-278F-416C-BB43-1F9F74CC27AB}.Release|Any CPU.Build.0 = Release|Any CPU
		{DAD4930C-278F-416C-BB43-1F9F74CC27AB}.Release|Mixed Platforms.ActiveCfg = Release|x64
		{DAD4930C-278F-416C-BB43-1F9F74CC27AB}.Release|Mixed Platforms.Build.0 = Release|x64
		{DAD4930C-278F-416C-BB43-1F9F74CC27AB}.Release|x64.ActiveCfg = Release|x64
		{DAD4930C-278F-416C-BB43-1F9F74CC27AB}.Release|x64.Build.0 = Release|x64
	EndGlobalSection
	GlobalSection(SolutionProperties) = preSolution
		HideSolutionNode = FALSE
	EndGlobalSection
	GlobalSection(ExtensibilityGlobals) = postSolution
		SolutionGuid = {3C1E7483-4B67-44C7-9971-9A970420C92B}
	EndGlobalSection
	GlobalSection(SourceCodeControl) = preSolution
		SccNumberOfProjects = 6
		SccProjectName0 = Perforce\u0020Project
		SccLocalPath0 = .
		SccProvider0 = MSSCCI:Perforce\u0020SCM
		SccProjectUniqueName1 = CambridgeSoft.COE.Framework\\CambridgeSoft.COE.Framework.csproj
		SccLocalPath1 = ..
		SccProjectFilePathRelativizedFromConnection1 = ServiceTier\\CambridgeSoft.COE.Framework\\
		#SccProjectUniqueName2 = CambridgeSoft.COE.Framework.UnitTests\\CambridgeSoft.COE.Framework.UnitTests.csproj
		#SccLocalPath2 = ..
		#SccProjectFilePathRelativizedFromConnection2 = ServiceTier\\CambridgeSoft.COE.Framework.UnitTests\\
		SccProjectUniqueName3 = CambridgeSoft.COE.Framework.Web\\CambridgeSoft.COE.Framework.Web.csproj
		SccLocalPath3 = .
		SccProjectFilePathRelativizedFromConnection3 = CambridgeSoft.COE.Framework.Web\\
		SccWebProject4 = true
		SccProjectUniqueName4 = CambridgeSoft.COE.Framework.RemotingHost
		SccLocalPath4 = ..
		SccProjectFilePathRelativizedFromConnection4 = ServiceTier\\CambridgeSoft.COE.Framework.RemotingHost\\
		SccProjectEnlistmentChoice4 = 2
		SccWebProject5 = true
		SccProjectUniqueName5 = CambridgeSoft.COE.Framework.WebServiceHost
		SccLocalPath5 = ..
		SccProjectFilePathRelativizedFromConnection5 = ServiceTier\\CambridgeSoft.COE.Framework.WebServiceHost\\
		SccProjectEnlistmentChoice5 = 2
	EndGlobalSection
EndGlobal
