
Microsoft Visual Studio Solution File, Format Version 9.00
# Visual Studio 2005
Project("{FAE04EC0-301F-11D3-BF4B-00C04F79EFBC}") = "CambridgeSoft.COE.DataManager.Calculation", "CambridgeSoft.COE.DataManager.Calculation.csproj", "{DC4203E1-2258-421D-B7C9-3424135A13DB}"
EndProject
Global
	GlobalSection(SolutionConfigurationPlatforms) = preSolution
		Debug|Any CPU = Debug|Any CPU
		Release|Any CPU = Release|Any CPU
	EndGlobalSection
	GlobalSection(ProjectConfigurationPlatforms) = postSolution
		{DC4203E1-2258-421D-B7C9-3424135A13DB}.Debug|Any CPU.ActiveCfg = Debug|Any CPU
		{DC4203E1-2258-421D-B7C9-3424135A13DB}.Debug|Any CPU.Build.0 = Debug|Any CPU
		{DC4203E1-2258-421D-B7C9-3424135A13DB}.Release|Any CPU.ActiveCfg = Release|Any CPU
		{DC4203E1-2258-421D-B7C9-3424135A13DB}.Release|Any CPU.Build.0 = Release|Any CPU
	EndGlobalSection
	GlobalSection(SolutionProperties) = preSolution
		HideSolutionNode = FALSE
	EndGlobalSection
EndGlobal
