
Microsoft Visual Studio Solution File, Format Version 11.00
# Visual Studio 2010
Project("{FAE04EC0-301F-11D3-BF4B-00C04F79EFBC}") = "Patcher", "Patcher\Patcher.csproj", "{1075038E-F9B4-40D3-AEB3-F6B8D83B42E5}"
EndProject
Project("{FAE04EC0-301F-11D3-BF4B-00C04F79EFBC}") = "Test", "Test\Test.csproj", "{F594D440-FA51-4F11-A3B6-93265633E5FB}"
EndProject
Global
	GlobalSection(SourceCodeControl) = preSolution
		SccNumberOfProjects = 3
		SccLocalPath0 = .
		SccProjectUniqueName1 = Patcher\\Patcher.csproj
		SccLocalPath1 = .
		SccProjectFilePathRelativizedFromConnection1 = Patcher\\
		SccProjectUniqueName2 = Test\\Test.csproj
		SccLocalPath2 = .
		SccProjectFilePathRelativizedFromConnection2 = Test\\
	EndGlobalSection
	GlobalSection(SolutionConfigurationPlatforms) = preSolution
		Debug|Any CPU = Debug|Any CPU
		Release|Any CPU = Release|Any CPU
	EndGlobalSection
	GlobalSection(ProjectConfigurationPlatforms) = postSolution
		{1075038E-F9B4-40D3-AEB3-F6B8D83B42E5}.Debug|Any CPU.ActiveCfg = Debug|Any CPU
		{1075038E-F9B4-40D3-AEB3-F6B8D83B42E5}.Debug|Any CPU.Build.0 = Debug|Any CPU
		{1075038E-F9B4-40D3-AEB3-F6B8D83B42E5}.Release|Any CPU.ActiveCfg = Release|Any CPU
		{1075038E-F9B4-40D3-AEB3-F6B8D83B42E5}.Release|Any CPU.Build.0 = Release|Any CPU
		{F594D440-FA51-4F11-A3B6-93265633E5FB}.Debug|Any CPU.ActiveCfg = Debug|Any CPU
		{F594D440-FA51-4F11-A3B6-93265633E5FB}.Debug|Any CPU.Build.0 = Debug|Any CPU
		{F594D440-FA51-4F11-A3B6-93265633E5FB}.Release|Any CPU.ActiveCfg = Release|Any CPU
		{F594D440-FA51-4F11-A3B6-93265633E5FB}.Release|Any CPU.Build.0 = Release|Any CPU
	EndGlobalSection
	GlobalSection(SolutionProperties) = preSolution
		HideSolutionNode = FALSE
	EndGlobalSection
EndGlobal
