
Microsoft Visual Studio Solution File, Format Version 12.00
# Visual Studio 15
VisualStudioVersion = 15.0.28307.539
MinimumVisualStudioVersion = 10.0.40219.1
Project("{FAE04EC0-301F-11D3-BF4B-00C04F79EFBC}") = "CambridgeSoft.COE.ChemBioViz.Services", "ChemBioViz.Services\CambridgeSoft.COE.ChemBioViz.Services.csproj", "{E5685243-A3FC-4A26-A4F0-3F7397E553D5}"
EndProject
Project("{FAE04EC0-301F-11D3-BF4B-00C04F79EFBC}") = "CambridgeSoft.COE.ChemBioVizWebApp", "..\PresentationTier\ChemBioVizWebApp\CambridgeSoft.COE.ChemBioVizWebApp.csproj", "{AE6D5D2A-27A8-4727-884D-CF6FFE1643F1}"
EndProject
Project("{FAE04EC0-301F-11D3-BF4B-00C04F79EFBC}") = "CambridgeSoft.COE.Framework", "..\..\Framework\CambridgeSoft\ServiceTier\CambridgeSoft.COE.Framework\CambridgeSoft.COE.Framework.csproj", "{4CF61F5B-2D46-4136-B277-5080A04B395B}"
EndProject
Global
	GlobalSection(SolutionConfigurationPlatforms) = preSolution
		Debug|Any CPU = Debug|Any CPU
		Release|Any CPU = Release|Any CPU
	EndGlobalSection
	GlobalSection(ProjectConfigurationPlatforms) = postSolution
		{E5685243-A3FC-4A26-A4F0-3F7397E553D5}.Debug|Any CPU.ActiveCfg = Debug|Any CPU
		{E5685243-A3FC-4A26-A4F0-3F7397E553D5}.Debug|Any CPU.Build.0 = Debug|Any CPU
		{E5685243-A3FC-4A26-A4F0-3F7397E553D5}.Release|Any CPU.ActiveCfg = Release|Any CPU
		{E5685243-A3FC-4A26-A4F0-3F7397E553D5}.Release|Any CPU.Build.0 = Release|Any CPU
		{AE6D5D2A-27A8-4727-884D-CF6FFE1643F1}.Debug|Any CPU.ActiveCfg = Debug|Any CPU
		{AE6D5D2A-27A8-4727-884D-CF6FFE1643F1}.Debug|Any CPU.Build.0 = Debug|Any CPU
		{AE6D5D2A-27A8-4727-884D-CF6FFE1643F1}.Release|Any CPU.ActiveCfg = Release|Any CPU
		{AE6D5D2A-27A8-4727-884D-CF6FFE1643F1}.Release|Any CPU.Build.0 = Release|Any CPU
		{4CF61F5B-2D46-4136-B277-5080A04B395B}.Debug|Any CPU.ActiveCfg = Debug|Any CPU
		{4CF61F5B-2D46-4136-B277-5080A04B395B}.Debug|Any CPU.Build.0 = Debug|Any CPU
		{4CF61F5B-2D46-4136-B277-5080A04B395B}.Release|Any CPU.ActiveCfg = Release|Any CPU
		{4CF61F5B-2D46-4136-B277-5080A04B395B}.Release|Any CPU.Build.0 = Release|Any CPU
	EndGlobalSection
	GlobalSection(SolutionProperties) = preSolution
		HideSolutionNode = FALSE
	EndGlobalSection
	GlobalSection(ExtensibilityGlobals) = postSolution
		SolutionGuid = {9336A1F9-424A-4EF2-94DA-91552056D628}
	EndGlobalSection
EndGlobal
