
Microsoft Visual Studio Solution File, Format Version 12.00
# Visual Studio 15
VisualStudioVersion = 15.0.28307.852
MinimumVisualStudioVersion = 10.0.40219.1
Project("{FAE04EC0-301F-11D3-BF4B-00C04F79EFBC}") = "CBVNEmbed", "CBVNEmbed\CBVNEmbed.csproj", "{C8B044E7-361D-48B0-9A5F-C6DACD25B18F}"
EndProject
Project("{FAE04EC0-301F-11D3-BF4B-00C04F79EFBC}") = "ChemBioViz.NET", "..\ChemBioViz.Net\ChemBioViz.NET\ChemBioViz.NET.csproj", "{7E13BEB7-6E0B-4578-8535-526E27FA836F}"
EndProject
Project("{FAE04EC0-301F-11D3-BF4B-00C04F79EFBC}") = "FormDBLib", "..\ChemBioViz.Net\FormDBLib\FormDBLib.csproj", "{7C2A21B4-AAF2-4153-86DE-33E9016CB5C8}"
EndProject
Project("{FAE04EC0-301F-11D3-BF4B-00C04F79EFBC}") = "ChemControls", "..\ChemBioViz.Net\ChemControls\ChemControls.csproj", "{6DC80E63-F0D9-4349-AF23-F8002B69B354}"
EndProject
Project("{FAE04EC0-301F-11D3-BF4B-00C04F79EFBC}") = "sharedlib", "..\ChemBioViz.Net\sharedlib\sharedlib.csproj", "{B10E3E9E-35A0-4016-9377-A692E5350F95}"
EndProject
Project("{FAE04EC0-301F-11D3-BF4B-00C04F79EFBC}") = "designer", "..\ChemBioViz.Net\greatis\designer\designer.csproj", "{4AD117AB-61BD-4A99-8A36-5C3A91EFED72}"
EndProject
Project("{FAE04EC0-301F-11D3-BF4B-00C04F79EFBC}") = "formtreasury", "..\ChemBioViz.Net\greatis\formtreasury\formtreasury.csproj", "{1BFF2DD0-42E4-47E0-8AC2-5A5F1A9870DA}"
EndProject
Project("{FAE04EC0-301F-11D3-BF4B-00C04F79EFBC}") = "interop", "..\ChemBioViz.Net\greatis\interop\interop.csproj", "{83B0D798-439F-4B59-BFCF-02D3E94EEF69}"
EndProject
Project("{FAE04EC0-301F-11D3-BF4B-00C04F79EFBC}") = "FormWizard", "..\ChemBioViz.Net\FormWizard\FormWizard.csproj", "{175AD6B4-5901-4794-8C64-C878B7BEE355}"
EndProject
Project("{FAE04EC0-301F-11D3-BF4B-00C04F79EFBC}") = "SearchPreferences", "..\ChemBioViz.Net\SearchPreferences\SearchPreferences.csproj", "{F1A90A58-1B64-4041-B27E-BEA5543257DB}"
EndProject
Project("{FAE04EC0-301F-11D3-BF4B-00C04F79EFBC}") = "CambridgeSoft.COE.Framework", "..\..\Framework\CambridgeSoft\ServiceTier\CambridgeSoft.COE.Framework\CambridgeSoft.COE.Framework.csproj", "{4CF61F5B-2D46-4136-B277-5080A04B395B}"
EndProject
Project("{FAE04EC0-301F-11D3-BF4B-00C04F79EFBC}") = "COEServiceLib", "..\ChemBioViz.Net\COEServiceLib\COEServiceLib.csproj", "{5E21EF16-BFB9-4AAE-976C-0147D881B4E8}"
EndProject
Project("{FAE04EC0-301F-11D3-BF4B-00C04F79EFBC}") = "CBVNStructureFilter", "..\CBVNAddins\SpotfireAddin\CBVNStructureFilter\CBVNStructureFilter.csproj", "{B38D3C43-EB44-4E33-BA5A-8257724EB6C5}"
EndProject
Project("{FAE04EC0-301F-11D3-BF4B-00C04F79EFBC}") = "CBVNStructureFilterSupport", "..\CBVNAddins\SpotfireAddin\CBVNStructureFilterSupport\CBVNStructureFilterSupport.csproj", "{B3F66BC7-EA0E-45BF-9EAA-F751164F417F}"
EndProject
Project("{FAE04EC0-301F-11D3-BF4B-00C04F79EFBC}") = "SpotfireIntegration.Common", "..\CBVNAddins\SpotfireAddin\SpotfireIntegration.Common\SpotfireIntegration.Common.csproj", "{484453EB-E460-494A-817A-16AA94E07AA7}"
EndProject
Global
	GlobalSection(SolutionConfigurationPlatforms) = preSolution
		Debug|Any CPU = Debug|Any CPU
		Debug|x64 = Debug|x64
		Debug|x86 = Debug|x86
		Official|Any CPU = Official|Any CPU
		Official|x64 = Official|x64
		Official|x86 = Official|x86
		Release|Any CPU = Release|Any CPU
		Release|x64 = Release|x64
		Release|x86 = Release|x86
	EndGlobalSection
	GlobalSection(ProjectConfigurationPlatforms) = postSolution
		{C8B044E7-361D-48B0-9A5F-C6DACD25B18F}.Debug|Any CPU.ActiveCfg = Debug|Any CPU
		{C8B044E7-361D-48B0-9A5F-C6DACD25B18F}.Debug|Any CPU.Build.0 = Debug|Any CPU
		{C8B044E7-361D-48B0-9A5F-C6DACD25B18F}.Debug|x64.ActiveCfg = Debug|x64
		{C8B044E7-361D-48B0-9A5F-C6DACD25B18F}.Debug|x64.Build.0 = Debug|x64
		{C8B044E7-361D-48B0-9A5F-C6DACD25B18F}.Debug|x86.ActiveCfg = Debug|x86
		{C8B044E7-361D-48B0-9A5F-C6DACD25B18F}.Debug|x86.Build.0 = Debug|x86
		{C8B044E7-361D-48B0-9A5F-C6DACD25B18F}.Official|Any CPU.ActiveCfg = Release|Any CPU
		{C8B044E7-361D-48B0-9A5F-C6DACD25B18F}.Official|Any CPU.Build.0 = Release|Any CPU
		{C8B044E7-361D-48B0-9A5F-C6DACD25B18F}.Official|x64.ActiveCfg = Release|x64
		{C8B044E7-361D-48B0-9A5F-C6DACD25B18F}.Official|x64.Build.0 = Release|x64
		{C8B044E7-361D-48B0-9A5F-C6DACD25B18F}.Official|x86.ActiveCfg = Release|x86
		{C8B044E7-361D-48B0-9A5F-C6DACD25B18F}.Official|x86.Build.0 = Release|x86
		{C8B044E7-361D-48B0-9A5F-C6DACD25B18F}.Release|Any CPU.ActiveCfg = Release|Any CPU
		{C8B044E7-361D-48B0-9A5F-C6DACD25B18F}.Release|Any CPU.Build.0 = Release|Any CPU
		{C8B044E7-361D-48B0-9A5F-C6DACD25B18F}.Release|x64.ActiveCfg = Release|x64
		{C8B044E7-361D-48B0-9A5F-C6DACD25B18F}.Release|x64.Build.0 = Release|x64
		{C8B044E7-361D-48B0-9A5F-C6DACD25B18F}.Release|x86.ActiveCfg = Release|x86
		{C8B044E7-361D-48B0-9A5F-C6DACD25B18F}.Release|x86.Build.0 = Release|x86
		{7E13BEB7-6E0B-4578-8535-526E27FA836F}.Debug|Any CPU.ActiveCfg = Debug|Any CPU
		{7E13BEB7-6E0B-4578-8535-526E27FA836F}.Debug|Any CPU.Build.0 = Debug|Any CPU
		{7E13BEB7-6E0B-4578-8535-526E27FA836F}.Debug|x64.ActiveCfg = Debug|Any CPU
		{7E13BEB7-6E0B-4578-8535-526E27FA836F}.Debug|x64.Build.0 = Debug|Any CPU
		{7E13BEB7-6E0B-4578-8535-526E27FA836F}.Debug|x86.ActiveCfg = Debug|x86
		{7E13BEB7-6E0B-4578-8535-526E27FA836F}.Debug|x86.Build.0 = Debug|x86
		{7E13BEB7-6E0B-4578-8535-526E27FA836F}.Official|Any CPU.ActiveCfg = Release|Any CPU
		{7E13BEB7-6E0B-4578-8535-526E27FA836F}.Official|Any CPU.Build.0 = Release|Any CPU
		{7E13BEB7-6E0B-4578-8535-526E27FA836F}.Official|x64.ActiveCfg = Release|Any CPU
		{7E13BEB7-6E0B-4578-8535-526E27FA836F}.Official|x64.Build.0 = Release|Any CPU
		{7E13BEB7-6E0B-4578-8535-526E27FA836F}.Official|x86.ActiveCfg = Release|x86
		{7E13BEB7-6E0B-4578-8535-526E27FA836F}.Official|x86.Build.0 = Release|x86
		{7E13BEB7-6E0B-4578-8535-526E27FA836F}.Release|Any CPU.ActiveCfg = Release|Any CPU
		{7E13BEB7-6E0B-4578-8535-526E27FA836F}.Release|Any CPU.Build.0 = Release|Any CPU
		{7E13BEB7-6E0B-4578-8535-526E27FA836F}.Release|x64.ActiveCfg = Release|Any CPU
		{7E13BEB7-6E0B-4578-8535-526E27FA836F}.Release|x64.Build.0 = Release|Any CPU
		{7E13BEB7-6E0B-4578-8535-526E27FA836F}.Release|x86.ActiveCfg = Release|x86
		{7E13BEB7-6E0B-4578-8535-526E27FA836F}.Release|x86.Build.0 = Release|x86
		{7C2A21B4-AAF2-4153-86DE-33E9016CB5C8}.Debug|Any CPU.ActiveCfg = Debug|Any CPU
		{7C2A21B4-AAF2-4153-86DE-33E9016CB5C8}.Debug|Any CPU.Build.0 = Debug|Any CPU
		{7C2A21B4-AAF2-4153-86DE-33E9016CB5C8}.Debug|x64.ActiveCfg = Debug|Any CPU
		{7C2A21B4-AAF2-4153-86DE-33E9016CB5C8}.Debug|x64.Build.0 = Debug|Any CPU
		{7C2A21B4-AAF2-4153-86DE-33E9016CB5C8}.Debug|x86.ActiveCfg = Debug|Any CPU
		{7C2A21B4-AAF2-4153-86DE-33E9016CB5C8}.Debug|x86.Build.0 = Debug|Any CPU
		{7C2A21B4-AAF2-4153-86DE-33E9016CB5C8}.Official|Any CPU.ActiveCfg = Release|Any CPU
		{7C2A21B4-AAF2-4153-86DE-33E9016CB5C8}.Official|Any CPU.Build.0 = Release|Any CPU
		{7C2A21B4-AAF2-4153-86DE-33E9016CB5C8}.Official|x64.ActiveCfg = Release|Any CPU
		{7C2A21B4-AAF2-4153-86DE-33E9016CB5C8}.Official|x64.Build.0 = Release|Any CPU
		{7C2A21B4-AAF2-4153-86DE-33E9016CB5C8}.Official|x86.ActiveCfg = Release|Any CPU
		{7C2A21B4-AAF2-4153-86DE-33E9016CB5C8}.Official|x86.Build.0 = Release|Any CPU
		{7C2A21B4-AAF2-4153-86DE-33E9016CB5C8}.Release|Any CPU.ActiveCfg = Release|Any CPU
		{7C2A21B4-AAF2-4153-86DE-33E9016CB5C8}.Release|Any CPU.Build.0 = Release|Any CPU
		{7C2A21B4-AAF2-4153-86DE-33E9016CB5C8}.Release|x64.ActiveCfg = Release|Any CPU
		{7C2A21B4-AAF2-4153-86DE-33E9016CB5C8}.Release|x64.Build.0 = Release|Any CPU
		{7C2A21B4-AAF2-4153-86DE-33E9016CB5C8}.Release|x86.ActiveCfg = Release|Any CPU
		{7C2A21B4-AAF2-4153-86DE-33E9016CB5C8}.Release|x86.Build.0 = Release|Any CPU
		{6DC80E63-F0D9-4349-AF23-F8002B69B354}.Debug|Any CPU.ActiveCfg = Debug|Any CPU
		{6DC80E63-F0D9-4349-AF23-F8002B69B354}.Debug|Any CPU.Build.0 = Debug|Any CPU
		{6DC80E63-F0D9-4349-AF23-F8002B69B354}.Debug|x64.ActiveCfg = Debug|Any CPU
		{6DC80E63-F0D9-4349-AF23-F8002B69B354}.Debug|x64.Build.0 = Debug|Any CPU
		{6DC80E63-F0D9-4349-AF23-F8002B69B354}.Debug|x86.ActiveCfg = Debug|Any CPU
		{6DC80E63-F0D9-4349-AF23-F8002B69B354}.Debug|x86.Build.0 = Debug|Any CPU
		{6DC80E63-F0D9-4349-AF23-F8002B69B354}.Official|Any CPU.ActiveCfg = Release|Any CPU
		{6DC80E63-F0D9-4349-AF23-F8002B69B354}.Official|Any CPU.Build.0 = Release|Any CPU
		{6DC80E63-F0D9-4349-AF23-F8002B69B354}.Official|x64.ActiveCfg = Release|Any CPU
		{6DC80E63-F0D9-4349-AF23-F8002B69B354}.Official|x64.Build.0 = Release|Any CPU
		{6DC80E63-F0D9-4349-AF23-F8002B69B354}.Official|x86.ActiveCfg = Release|Any CPU
		{6DC80E63-F0D9-4349-AF23-F8002B69B354}.Official|x86.Build.0 = Release|Any CPU
		{6DC80E63-F0D9-4349-AF23-F8002B69B354}.Release|Any CPU.ActiveCfg = Release|Any CPU
		{6DC80E63-F0D9-4349-AF23-F8002B69B354}.Release|Any CPU.Build.0 = Release|Any CPU
		{6DC80E63-F0D9-4349-AF23-F8002B69B354}.Release|x64.ActiveCfg = Release|Any CPU
		{6DC80E63-F0D9-4349-AF23-F8002B69B354}.Release|x64.Build.0 = Release|Any CPU
		{6DC80E63-F0D9-4349-AF23-F8002B69B354}.Release|x86.ActiveCfg = Release|Any CPU
		{6DC80E63-F0D9-4349-AF23-F8002B69B354}.Release|x86.Build.0 = Release|Any CPU
		{B10E3E9E-35A0-4016-9377-A692E5350F95}.Debug|Any CPU.ActiveCfg = Debug|Any CPU
		{B10E3E9E-35A0-4016-9377-A692E5350F95}.Debug|Any CPU.Build.0 = Debug|Any CPU
		{B10E3E9E-35A0-4016-9377-A692E5350F95}.Debug|x64.ActiveCfg = Debug|x64
		{B10E3E9E-35A0-4016-9377-A692E5350F95}.Debug|x64.Build.0 = Debug|x64
		{B10E3E9E-35A0-4016-9377-A692E5350F95}.Debug|x86.ActiveCfg = Debug|Any CPU
		{B10E3E9E-35A0-4016-9377-A692E5350F95}.Debug|x86.Build.0 = Debug|Any CPU
		{B10E3E9E-35A0-4016-9377-A692E5350F95}.Official|Any CPU.ActiveCfg = Release|Any CPU
		{B10E3E9E-35A0-4016-9377-A692E5350F95}.Official|Any CPU.Build.0 = Release|Any CPU
		{B10E3E9E-35A0-4016-9377-A692E5350F95}.Official|x64.ActiveCfg = Release|x64
		{B10E3E9E-35A0-4016-9377-A692E5350F95}.Official|x64.Build.0 = Release|x64
		{B10E3E9E-35A0-4016-9377-A692E5350F95}.Official|x86.ActiveCfg = Release|Any CPU
		{B10E3E9E-35A0-4016-9377-A692E5350F95}.Official|x86.Build.0 = Release|Any CPU
		{B10E3E9E-35A0-4016-9377-A692E5350F95}.Release|Any CPU.ActiveCfg = Release|Any CPU
		{B10E3E9E-35A0-4016-9377-A692E5350F95}.Release|Any CPU.Build.0 = Release|Any CPU
		{B10E3E9E-35A0-4016-9377-A692E5350F95}.Release|x64.ActiveCfg = Release|x64
		{B10E3E9E-35A0-4016-9377-A692E5350F95}.Release|x64.Build.0 = Release|x64
		{B10E3E9E-35A0-4016-9377-A692E5350F95}.Release|x86.ActiveCfg = Release|Any CPU
		{B10E3E9E-35A0-4016-9377-A692E5350F95}.Release|x86.Build.0 = Release|Any CPU
		{4AD117AB-61BD-4A99-8A36-5C3A91EFED72}.Debug|Any CPU.ActiveCfg = Debug|Any CPU
		{4AD117AB-61BD-4A99-8A36-5C3A91EFED72}.Debug|Any CPU.Build.0 = Debug|Any CPU
		{4AD117AB-61BD-4A99-8A36-5C3A91EFED72}.Debug|x64.ActiveCfg = Debug|x64
		{4AD117AB-61BD-4A99-8A36-5C3A91EFED72}.Debug|x64.Build.0 = Debug|x64
		{4AD117AB-61BD-4A99-8A36-5C3A91EFED72}.Debug|x86.ActiveCfg = Debug|Any CPU
		{4AD117AB-61BD-4A99-8A36-5C3A91EFED72}.Debug|x86.Build.0 = Debug|Any CPU
		{4AD117AB-61BD-4A99-8A36-5C3A91EFED72}.Official|Any CPU.ActiveCfg = Release|Any CPU
		{4AD117AB-61BD-4A99-8A36-5C3A91EFED72}.Official|Any CPU.Build.0 = Release|Any CPU
		{4AD117AB-61BD-4A99-8A36-5C3A91EFED72}.Official|x64.ActiveCfg = Release|x64
		{4AD117AB-61BD-4A99-8A36-5C3A91EFED72}.Official|x64.Build.0 = Release|x64
		{4AD117AB-61BD-4A99-8A36-5C3A91EFED72}.Official|x86.ActiveCfg = Release|Any CPU
		{4AD117AB-61BD-4A99-8A36-5C3A91EFED72}.Official|x86.Build.0 = Release|Any CPU
		{4AD117AB-61BD-4A99-8A36-5C3A91EFED72}.Release|Any CPU.ActiveCfg = Release|Any CPU
		{4AD117AB-61BD-4A99-8A36-5C3A91EFED72}.Release|Any CPU.Build.0 = Release|Any CPU
		{4AD117AB-61BD-4A99-8A36-5C3A91EFED72}.Release|x64.ActiveCfg = Release|x64
		{4AD117AB-61BD-4A99-8A36-5C3A91EFED72}.Release|x64.Build.0 = Release|x64
		{4AD117AB-61BD-4A99-8A36-5C3A91EFED72}.Release|x86.ActiveCfg = Release|Any CPU
		{4AD117AB-61BD-4A99-8A36-5C3A91EFED72}.Release|x86.Build.0 = Release|Any CPU
		{1BFF2DD0-42E4-47E0-8AC2-5A5F1A9870DA}.Debug|Any CPU.ActiveCfg = Debug|Any CPU
		{1BFF2DD0-42E4-47E0-8AC2-5A5F1A9870DA}.Debug|Any CPU.Build.0 = Debug|Any CPU
		{1BFF2DD0-42E4-47E0-8AC2-5A5F1A9870DA}.Debug|x64.ActiveCfg = Debug|x64
		{1BFF2DD0-42E4-47E0-8AC2-5A5F1A9870DA}.Debug|x64.Build.0 = Debug|x64
		{1BFF2DD0-42E4-47E0-8AC2-5A5F1A9870DA}.Debug|x86.ActiveCfg = Debug|Any CPU
		{1BFF2DD0-42E4-47E0-8AC2-5A5F1A9870DA}.Debug|x86.Build.0 = Debug|Any CPU
		{1BFF2DD0-42E4-47E0-8AC2-5A5F1A9870DA}.Official|Any CPU.ActiveCfg = Release|Any CPU
		{1BFF2DD0-42E4-47E0-8AC2-5A5F1A9870DA}.Official|Any CPU.Build.0 = Release|Any CPU
		{1BFF2DD0-42E4-47E0-8AC2-5A5F1A9870DA}.Official|x64.ActiveCfg = Release|x64
		{1BFF2DD0-42E4-47E0-8AC2-5A5F1A9870DA}.Official|x64.Build.0 = Release|x64
		{1BFF2DD0-42E4-47E0-8AC2-5A5F1A9870DA}.Official|x86.ActiveCfg = Release|Any CPU
		{1BFF2DD0-42E4-47E0-8AC2-5A5F1A9870DA}.Official|x86.Build.0 = Release|Any CPU
		{1BFF2DD0-42E4-47E0-8AC2-5A5F1A9870DA}.Release|Any CPU.ActiveCfg = Release|Any CPU
		{1BFF2DD0-42E4-47E0-8AC2-5A5F1A9870DA}.Release|Any CPU.Build.0 = Release|Any CPU
		{1BFF2DD0-42E4-47E0-8AC2-5A5F1A9870DA}.Release|x64.ActiveCfg = Release|x64
		{1BFF2DD0-42E4-47E0-8AC2-5A5F1A9870DA}.Release|x64.Build.0 = Release|x64
		{1BFF2DD0-42E4-47E0-8AC2-5A5F1A9870DA}.Release|x86.ActiveCfg = Release|Any CPU
		{1BFF2DD0-42E4-47E0-8AC2-5A5F1A9870DA}.Release|x86.Build.0 = Release|Any CPU
		{83B0D798-439F-4B59-BFCF-02D3E94EEF69}.Debug|Any CPU.ActiveCfg = Debug|Any CPU
		{83B0D798-439F-4B59-BFCF-02D3E94EEF69}.Debug|Any CPU.Build.0 = Debug|Any CPU
		{83B0D798-439F-4B59-BFCF-02D3E94EEF69}.Debug|x64.ActiveCfg = Debug|x64
		{83B0D798-439F-4B59-BFCF-02D3E94EEF69}.Debug|x64.Build.0 = Debug|x64
		{83B0D798-439F-4B59-BFCF-02D3E94EEF69}.Debug|x86.ActiveCfg = Debug|Any CPU
		{83B0D798-439F-4B59-BFCF-02D3E94EEF69}.Debug|x86.Build.0 = Debug|Any CPU
		{83B0D798-439F-4B59-BFCF-02D3E94EEF69}.Official|Any CPU.ActiveCfg = Release|Any CPU
		{83B0D798-439F-4B59-BFCF-02D3E94EEF69}.Official|Any CPU.Build.0 = Release|Any CPU
		{83B0D798-439F-4B59-BFCF-02D3E94EEF69}.Official|x64.ActiveCfg = Release|x64
		{83B0D798-439F-4B59-BFCF-02D3E94EEF69}.Official|x64.Build.0 = Release|x64
		{83B0D798-439F-4B59-BFCF-02D3E94EEF69}.Official|x86.ActiveCfg = Release|Any CPU
		{83B0D798-439F-4B59-BFCF-02D3E94EEF69}.Official|x86.Build.0 = Release|Any CPU
		{83B0D798-439F-4B59-BFCF-02D3E94EEF69}.Release|Any CPU.ActiveCfg = Release|Any CPU
		{83B0D798-439F-4B59-BFCF-02D3E94EEF69}.Release|Any CPU.Build.0 = Release|Any CPU
		{83B0D798-439F-4B59-BFCF-02D3E94EEF69}.Release|x64.ActiveCfg = Release|x64
		{83B0D798-439F-4B59-BFCF-02D3E94EEF69}.Release|x64.Build.0 = Release|x64
		{83B0D798-439F-4B59-BFCF-02D3E94EEF69}.Release|x86.ActiveCfg = Release|Any CPU
		{83B0D798-439F-4B59-BFCF-02D3E94EEF69}.Release|x86.Build.0 = Release|Any CPU
		{175AD6B4-5901-4794-8C64-C878B7BEE355}.Debug|Any CPU.ActiveCfg = Debug|Any CPU
		{175AD6B4-5901-4794-8C64-C878B7BEE355}.Debug|Any CPU.Build.0 = Debug|Any CPU
		{175AD6B4-5901-4794-8C64-C878B7BEE355}.Debug|x64.ActiveCfg = Debug|Any CPU
		{175AD6B4-5901-4794-8C64-C878B7BEE355}.Debug|x64.Build.0 = Debug|Any CPU
		{175AD6B4-5901-4794-8C64-C878B7BEE355}.Debug|x86.ActiveCfg = Debug|Any CPU
		{175AD6B4-5901-4794-8C64-C878B7BEE355}.Debug|x86.Build.0 = Debug|Any CPU
		{175AD6B4-5901-4794-8C64-C878B7BEE355}.Official|Any CPU.ActiveCfg = Release|Any CPU
		{175AD6B4-5901-4794-8C64-C878B7BEE355}.Official|Any CPU.Build.0 = Release|Any CPU
		{175AD6B4-5901-4794-8C64-C878B7BEE355}.Official|x64.ActiveCfg = Release|Any CPU
		{175AD6B4-5901-4794-8C64-C878B7BEE355}.Official|x64.Build.0 = Release|Any CPU
		{175AD6B4-5901-4794-8C64-C878B7BEE355}.Official|x86.ActiveCfg = Release|Any CPU
		{175AD6B4-5901-4794-8C64-C878B7BEE355}.Official|x86.Build.0 = Release|Any CPU
		{175AD6B4-5901-4794-8C64-C878B7BEE355}.Release|Any CPU.ActiveCfg = Release|Any CPU
		{175AD6B4-5901-4794-8C64-C878B7BEE355}.Release|Any CPU.Build.0 = Release|Any CPU
		{175AD6B4-5901-4794-8C64-C878B7BEE355}.Release|x64.ActiveCfg = Release|Any CPU
		{175AD6B4-5901-4794-8C64-C878B7BEE355}.Release|x64.Build.0 = Release|Any CPU
		{175AD6B4-5901-4794-8C64-C878B7BEE355}.Release|x86.ActiveCfg = Release|Any CPU
		{175AD6B4-5901-4794-8C64-C878B7BEE355}.Release|x86.Build.0 = Release|Any CPU
		{F1A90A58-1B64-4041-B27E-BEA5543257DB}.Debug|Any CPU.ActiveCfg = Debug|Any CPU
		{F1A90A58-1B64-4041-B27E-BEA5543257DB}.Debug|Any CPU.Build.0 = Debug|Any CPU
		{F1A90A58-1B64-4041-B27E-BEA5543257DB}.Debug|x64.ActiveCfg = Debug|Any CPU
		{F1A90A58-1B64-4041-B27E-BEA5543257DB}.Debug|x64.Build.0 = Debug|Any CPU
		{F1A90A58-1B64-4041-B27E-BEA5543257DB}.Debug|x86.ActiveCfg = Debug|x86
		{F1A90A58-1B64-4041-B27E-BEA5543257DB}.Debug|x86.Build.0 = Debug|x86
		{F1A90A58-1B64-4041-B27E-BEA5543257DB}.Official|Any CPU.ActiveCfg = Release|Any CPU
		{F1A90A58-1B64-4041-B27E-BEA5543257DB}.Official|Any CPU.Build.0 = Release|Any CPU
		{F1A90A58-1B64-4041-B27E-BEA5543257DB}.Official|x64.ActiveCfg = Release|Any CPU
		{F1A90A58-1B64-4041-B27E-BEA5543257DB}.Official|x64.Build.0 = Release|Any CPU
		{F1A90A58-1B64-4041-B27E-BEA5543257DB}.Official|x86.ActiveCfg = Release|x86
		{F1A90A58-1B64-4041-B27E-BEA5543257DB}.Official|x86.Build.0 = Release|x86
		{F1A90A58-1B64-4041-B27E-BEA5543257DB}.Release|Any CPU.ActiveCfg = Release|Any CPU
		{F1A90A58-1B64-4041-B27E-BEA5543257DB}.Release|Any CPU.Build.0 = Release|Any CPU
		{F1A90A58-1B64-4041-B27E-BEA5543257DB}.Release|x64.ActiveCfg = Release|Any CPU
		{F1A90A58-1B64-4041-B27E-BEA5543257DB}.Release|x64.Build.0 = Release|Any CPU
		{F1A90A58-1B64-4041-B27E-BEA5543257DB}.Release|x86.ActiveCfg = Release|x86
		{F1A90A58-1B64-4041-B27E-BEA5543257DB}.Release|x86.Build.0 = Release|x86
		{4CF61F5B-2D46-4136-B277-5080A04B395B}.Debug|Any CPU.ActiveCfg = Debug|Any CPU
		{4CF61F5B-2D46-4136-B277-5080A04B395B}.Debug|Any CPU.Build.0 = Debug|Any CPU
		{4CF61F5B-2D46-4136-B277-5080A04B395B}.Debug|x64.ActiveCfg = Debug|x64
		{4CF61F5B-2D46-4136-B277-5080A04B395B}.Debug|x64.Build.0 = Debug|x64
		{4CF61F5B-2D46-4136-B277-5080A04B395B}.Debug|x86.ActiveCfg = Debug|x86
		{4CF61F5B-2D46-4136-B277-5080A04B395B}.Debug|x86.Build.0 = Debug|x86
		{4CF61F5B-2D46-4136-B277-5080A04B395B}.Official|Any CPU.ActiveCfg = Release|Any CPU
		{4CF61F5B-2D46-4136-B277-5080A04B395B}.Official|Any CPU.Build.0 = Release|Any CPU
		{4CF61F5B-2D46-4136-B277-5080A04B395B}.Official|x64.ActiveCfg = Release|x64
		{4CF61F5B-2D46-4136-B277-5080A04B395B}.Official|x64.Build.0 = Release|x64
		{4CF61F5B-2D46-4136-B277-5080A04B395B}.Official|x86.ActiveCfg = Release|x86
		{4CF61F5B-2D46-4136-B277-5080A04B395B}.Official|x86.Build.0 = Release|x86
		{4CF61F5B-2D46-4136-B277-5080A04B395B}.Release|Any CPU.ActiveCfg = Release|Any CPU
		{4CF61F5B-2D46-4136-B277-5080A04B395B}.Release|Any CPU.Build.0 = Release|Any CPU
		{4CF61F5B-2D46-4136-B277-5080A04B395B}.Release|x64.ActiveCfg = Release|x64
		{4CF61F5B-2D46-4136-B277-5080A04B395B}.Release|x64.Build.0 = Release|x64
		{4CF61F5B-2D46-4136-B277-5080A04B395B}.Release|x86.ActiveCfg = Release|x86
		{4CF61F5B-2D46-4136-B277-5080A04B395B}.Release|x86.Build.0 = Release|x86
		{5E21EF16-BFB9-4AAE-976C-0147D881B4E8}.Debug|Any CPU.ActiveCfg = Debug|Any CPU
		{5E21EF16-BFB9-4AAE-976C-0147D881B4E8}.Debug|Any CPU.Build.0 = Debug|Any CPU
		{5E21EF16-BFB9-4AAE-976C-0147D881B4E8}.Debug|x64.ActiveCfg = Debug|Any CPU
		{5E21EF16-BFB9-4AAE-976C-0147D881B4E8}.Debug|x64.Build.0 = Debug|Any CPU
		{5E21EF16-BFB9-4AAE-976C-0147D881B4E8}.Debug|x86.ActiveCfg = Debug|Any CPU
		{5E21EF16-BFB9-4AAE-976C-0147D881B4E8}.Debug|x86.Build.0 = Debug|Any CPU
		{5E21EF16-BFB9-4AAE-976C-0147D881B4E8}.Official|Any CPU.ActiveCfg = Release|Any CPU
		{5E21EF16-BFB9-4AAE-976C-0147D881B4E8}.Official|Any CPU.Build.0 = Release|Any CPU
		{5E21EF16-BFB9-4AAE-976C-0147D881B4E8}.Official|x64.ActiveCfg = Release|Any CPU
		{5E21EF16-BFB9-4AAE-976C-0147D881B4E8}.Official|x64.Build.0 = Release|Any CPU
		{5E21EF16-BFB9-4AAE-976C-0147D881B4E8}.Official|x86.ActiveCfg = Release|Any CPU
		{5E21EF16-BFB9-4AAE-976C-0147D881B4E8}.Official|x86.Build.0 = Release|Any CPU
		{5E21EF16-BFB9-4AAE-976C-0147D881B4E8}.Release|Any CPU.ActiveCfg = Release|Any CPU
		{5E21EF16-BFB9-4AAE-976C-0147D881B4E8}.Release|Any CPU.Build.0 = Release|Any CPU
		{5E21EF16-BFB9-4AAE-976C-0147D881B4E8}.Release|x64.ActiveCfg = Release|Any CPU
		{5E21EF16-BFB9-4AAE-976C-0147D881B4E8}.Release|x64.Build.0 = Release|Any CPU
		{5E21EF16-BFB9-4AAE-976C-0147D881B4E8}.Release|x86.ActiveCfg = Release|Any CPU
		{5E21EF16-BFB9-4AAE-976C-0147D881B4E8}.Release|x86.Build.0 = Release|Any CPU
		{B38D3C43-EB44-4E33-BA5A-8257724EB6C5}.Debug|Any CPU.ActiveCfg = Debug|Any CPU
		{B38D3C43-EB44-4E33-BA5A-8257724EB6C5}.Debug|Any CPU.Build.0 = Debug|Any CPU
		{B38D3C43-EB44-4E33-BA5A-8257724EB6C5}.Debug|x64.ActiveCfg = Debug|Any CPU
		{B38D3C43-EB44-4E33-BA5A-8257724EB6C5}.Debug|x64.Build.0 = Debug|Any CPU
		{B38D3C43-EB44-4E33-BA5A-8257724EB6C5}.Debug|x86.ActiveCfg = Debug|x86
		{B38D3C43-EB44-4E33-BA5A-8257724EB6C5}.Debug|x86.Build.0 = Debug|x86
		{B38D3C43-EB44-4E33-BA5A-8257724EB6C5}.Official|Any CPU.ActiveCfg = Official|Any CPU
		{B38D3C43-EB44-4E33-BA5A-8257724EB6C5}.Official|Any CPU.Build.0 = Official|Any CPU
		{B38D3C43-EB44-4E33-BA5A-8257724EB6C5}.Official|x64.ActiveCfg = Official|Any CPU
		{B38D3C43-EB44-4E33-BA5A-8257724EB6C5}.Official|x64.Build.0 = Official|Any CPU
		{B38D3C43-EB44-4E33-BA5A-8257724EB6C5}.Official|x86.ActiveCfg = Official|x86
		{B38D3C43-EB44-4E33-BA5A-8257724EB6C5}.Official|x86.Build.0 = Official|x86
		{B38D3C43-EB44-4E33-BA5A-8257724EB6C5}.Release|Any CPU.ActiveCfg = Release|Any CPU
		{B38D3C43-EB44-4E33-BA5A-8257724EB6C5}.Release|Any CPU.Build.0 = Release|Any CPU
		{B38D3C43-EB44-4E33-BA5A-8257724EB6C5}.Release|x64.ActiveCfg = Release|Any CPU
		{B38D3C43-EB44-4E33-BA5A-8257724EB6C5}.Release|x64.Build.0 = Release|Any CPU
		{B38D3C43-EB44-4E33-BA5A-8257724EB6C5}.Release|x86.ActiveCfg = Release|x86
		{B38D3C43-EB44-4E33-BA5A-8257724EB6C5}.Release|x86.Build.0 = Release|x86
		{B3F66BC7-EA0E-45BF-9EAA-F751164F417F}.Debug|Any CPU.ActiveCfg = Debug|Any CPU
		{B3F66BC7-EA0E-45BF-9EAA-F751164F417F}.Debug|Any CPU.Build.0 = Debug|Any CPU
		{B3F66BC7-EA0E-45BF-9EAA-F751164F417F}.Debug|x64.ActiveCfg = Debug|Any CPU
		{B3F66BC7-EA0E-45BF-9EAA-F751164F417F}.Debug|x64.Build.0 = Debug|Any CPU
		{B3F66BC7-EA0E-45BF-9EAA-F751164F417F}.Debug|x86.ActiveCfg = Debug|Any CPU
		{B3F66BC7-EA0E-45BF-9EAA-F751164F417F}.Debug|x86.Build.0 = Debug|Any CPU
		{B3F66BC7-EA0E-45BF-9EAA-F751164F417F}.Official|Any CPU.ActiveCfg = Release|Any CPU
		{B3F66BC7-EA0E-45BF-9EAA-F751164F417F}.Official|Any CPU.Build.0 = Release|Any CPU
		{B3F66BC7-EA0E-45BF-9EAA-F751164F417F}.Official|x64.ActiveCfg = Release|Any CPU
		{B3F66BC7-EA0E-45BF-9EAA-F751164F417F}.Official|x64.Build.0 = Release|Any CPU
		{B3F66BC7-EA0E-45BF-9EAA-F751164F417F}.Official|x86.ActiveCfg = Release|Any CPU
		{B3F66BC7-EA0E-45BF-9EAA-F751164F417F}.Official|x86.Build.0 = Release|Any CPU
		{B3F66BC7-EA0E-45BF-9EAA-F751164F417F}.Release|Any CPU.ActiveCfg = Release|Any CPU
		{B3F66BC7-EA0E-45BF-9EAA-F751164F417F}.Release|Any CPU.Build.0 = Release|Any CPU
		{B3F66BC7-EA0E-45BF-9EAA-F751164F417F}.Release|x64.ActiveCfg = Release|Any CPU
		{B3F66BC7-EA0E-45BF-9EAA-F751164F417F}.Release|x64.Build.0 = Release|Any CPU
		{B3F66BC7-EA0E-45BF-9EAA-F751164F417F}.Release|x86.ActiveCfg = Release|Any CPU
		{B3F66BC7-EA0E-45BF-9EAA-F751164F417F}.Release|x86.Build.0 = Release|Any CPU
		{484453EB-E460-494A-817A-16AA94E07AA7}.Debug|Any CPU.ActiveCfg = Debug|Any CPU
		{484453EB-E460-494A-817A-16AA94E07AA7}.Debug|Any CPU.Build.0 = Debug|Any CPU
		{484453EB-E460-494A-817A-16AA94E07AA7}.Debug|x64.ActiveCfg = Debug|Any CPU
		{484453EB-E460-494A-817A-16AA94E07AA7}.Debug|x64.Build.0 = Debug|Any CPU
		{484453EB-E460-494A-817A-16AA94E07AA7}.Debug|x86.ActiveCfg = Debug|Any CPU
		{484453EB-E460-494A-817A-16AA94E07AA7}.Debug|x86.Build.0 = Debug|Any CPU
		{484453EB-E460-494A-817A-16AA94E07AA7}.Official|Any CPU.ActiveCfg = Release|Any CPU
		{484453EB-E460-494A-817A-16AA94E07AA7}.Official|Any CPU.Build.0 = Release|Any CPU
		{484453EB-E460-494A-817A-16AA94E07AA7}.Official|x64.ActiveCfg = Release|Any CPU
		{484453EB-E460-494A-817A-16AA94E07AA7}.Official|x64.Build.0 = Release|Any CPU
		{484453EB-E460-494A-817A-16AA94E07AA7}.Official|x86.ActiveCfg = Release|Any CPU
		{484453EB-E460-494A-817A-16AA94E07AA7}.Official|x86.Build.0 = Release|Any CPU
		{484453EB-E460-494A-817A-16AA94E07AA7}.Release|Any CPU.ActiveCfg = Release|Any CPU
		{484453EB-E460-494A-817A-16AA94E07AA7}.Release|Any CPU.Build.0 = Release|Any CPU
		{484453EB-E460-494A-817A-16AA94E07AA7}.Release|x64.ActiveCfg = Release|Any CPU
		{484453EB-E460-494A-817A-16AA94E07AA7}.Release|x64.Build.0 = Release|Any CPU
		{484453EB-E460-494A-817A-16AA94E07AA7}.Release|x86.ActiveCfg = Release|Any CPU
		{484453EB-E460-494A-817A-16AA94E07AA7}.Release|x86.Build.0 = Release|Any CPU
	EndGlobalSection
	GlobalSection(SolutionProperties) = preSolution
		HideSolutionNode = FALSE
	EndGlobalSection
	GlobalSection(ExtensibilityGlobals) = postSolution
		SolutionGuid = {3B1F4FE3-7E2F-441A-931C-5A32F96B5A17}
	EndGlobalSection
EndGlobal
