
Microsoft Visual Studio Solution File, Format Version 9.00
# Visual Studio 2005
Project("{FAE04EC0-301F-11D3-BF4B-00C04F79EFBC}") = "CustomClauses", "CustomClauses.csproj", "{8AE4E6DC-9412-4D5C-B32F-ABE44BC76847}"
	ProjectSection(WebsiteProperties) = preProject
		Debug.AspNetCompiler.Debug = "True"
		Release.AspNetCompiler.Debug = "False"
	EndProjectSection
EndProject
Project("{FAE04EC0-301F-11D3-BF4B-00C04F79EFBC}") = "CastSelectClause", "CastSelectClause\CastSelectClause.csproj", "{E7AC9F16-6726-46AA-945D-F08864BBF273}"
	ProjectSection(WebsiteProperties) = preProject
		Debug.AspNetCompiler.Debug = "True"
		Release.AspNetCompiler.Debug = "False"
	EndProjectSection
EndProject
Project("{FAE04EC0-301F-11D3-BF4B-00C04F79EFBC}") = "CustomMolWeightCriteria", "CustomMolWeightCriteria\CustomMolWeightCriteria.csproj", "{E4A2CF32-5AC2-4049-8512-4F7FEB41450F}"
	ProjectSection(WebsiteProperties) = preProject
		Debug.AspNetCompiler.Debug = "True"
		Release.AspNetCompiler.Debug = "False"
	EndProjectSection
EndProject
Global
	GlobalSection(SolutionConfigurationPlatforms) = preSolution
		Debug|Any CPU = Debug|Any CPU
		Release|Any CPU = Release|Any CPU
	EndGlobalSection
	GlobalSection(ProjectConfigurationPlatforms) = postSolution
		{8AE4E6DC-9412-4D5C-B32F-ABE44BC76847}.Debug|Any CPU.ActiveCfg = Debug|Any CPU
		{8AE4E6DC-9412-4D5C-B32F-ABE44BC76847}.Debug|Any CPU.Build.0 = Debug|Any CPU
		{8AE4E6DC-9412-4D5C-B32F-ABE44BC76847}.Release|Any CPU.ActiveCfg = Release|Any CPU
		{8AE4E6DC-9412-4D5C-B32F-ABE44BC76847}.Release|Any CPU.Build.0 = Release|Any CPU
		{E7AC9F16-6726-46AA-945D-F08864BBF273}.Debug|Any CPU.ActiveCfg = Debug|Any CPU
		{E7AC9F16-6726-46AA-945D-F08864BBF273}.Debug|Any CPU.Build.0 = Debug|Any CPU
		{E7AC9F16-6726-46AA-945D-F08864BBF273}.Release|Any CPU.ActiveCfg = Release|Any CPU
		{E7AC9F16-6726-46AA-945D-F08864BBF273}.Release|Any CPU.Build.0 = Release|Any CPU
		{E4A2CF32-5AC2-4049-8512-4F7FEB41450F}.Debug|Any CPU.ActiveCfg = Debug|Any CPU
		{E4A2CF32-5AC2-4049-8512-4F7FEB41450F}.Debug|Any CPU.Build.0 = Debug|Any CPU
		{E4A2CF32-5AC2-4049-8512-4F7FEB41450F}.Release|Any CPU.ActiveCfg = Release|Any CPU
		{E4A2CF32-5AC2-4049-8512-4F7FEB41450F}.Release|Any CPU.Build.0 = Release|Any CPU
	EndGlobalSection
	GlobalSection(SolutionProperties) = preSolution
		HideSolutionNode = FALSE
	EndGlobalSection
EndGlobal
