
Microsoft Visual Studio Solution File, Format Version 12.00
# Visual Studio 2013
VisualStudioVersion = 12.0.40629.0
MinimumVisualStudioVersion = 10.0.40219.1
Project("{FAE04EC0-301F-11D3-BF4B-00C04F79EFBC}") = "CambridgeSoft.COE.Framework", "..\..\Framework\CambridgeSoft\ServiceTier\CambridgeSoft.COE.Framework\CambridgeSoft.COE.Framework.csproj", "{4CF61F5B-2D46-4136-B277-5080A04B395B}"
EndProject
Project("{FAE04EC0-301F-11D3-BF4B-00C04F79EFBC}") = "CambridgeSoft.COE.Registration.Services", "..\ServiceTier\CambridgeSoft.COE.Registration.Services\CambridgeSoft.COE.Registration.Services.csproj", "{C7998560-8704-4DE0-B00E-A4657273B022}"
	ProjectSection(ProjectDependencies) = postProject
		{4CF61F5B-2D46-4136-B277-5080A04B395B} = {4CF61F5B-2D46-4136-B277-5080A04B395B}
	EndProjectSection
EndProject
Project("{FAE04EC0-301F-11D3-BF4B-00C04F79EFBC}") = "CambridgeSoft.COE.Registration.RegistrationAddins", "..\ServiceTier\RegistrationAddins\CambridgeSoft.COE.Registration.RegistrationAddins.csproj", "{67D3E7D3-CB0E-46B1-BEDB-D5511EBFD64F}"
EndProject
Project("{FAE04EC0-301F-11D3-BF4B-00C04F79EFBC}") = "CambridgeSoft.COE.RegistrationAdmin.Services", "..\ServiceTier\CambridgeSoft.COE.RegistrationAdmin.Services\CambridgeSoft.COE.RegistrationAdmin.Services.csproj", "{D8F0637E-6B08-49D4-9046-B39AB9A0F61D}"
	ProjectSection(ProjectDependencies) = postProject
		{C7998560-8704-4DE0-B00E-A4657273B022} = {C7998560-8704-4DE0-B00E-A4657273B022}
	EndProjectSection
EndProject
Project("{FAE04EC0-301F-11D3-BF4B-00C04F79EFBC}") = "RegistrationWebApp", "RegistrationWebApp\RegistrationWebApp.csproj", "{0AF2D977-5B4C-40E9-9AF1-CE93F3C92CF4}"
EndProject
Project("{FAE04EC0-301F-11D3-BF4B-00C04F79EFBC}") = "Registration.WebServices", "RegistrationWebServices\Registration.WebServices.csproj", "{9D4C05F4-D07A-4CBB-A0A1-26965C53C1C4}"
EndProject
Project("{FAE04EC0-301F-11D3-BF4B-00C04F79EFBC}") = "Registration.Core", "Registration.Core\Registration.Core.csproj", "{16A590FA-FA5E-411F-B824-4B8E2E6E9F56}"
EndProject
Project("{FAE04EC0-301F-11D3-BF4B-00C04F79EFBC}") = "RegistrationWebApp2", "RegistrationWebApp2\RegistrationWebApp2.csproj", "{F9292D9B-4C80-453A-847B-06655EF9002A}"
EndProject
Global
	GlobalSection(SolutionConfigurationPlatforms) = preSolution
		Debug|Any CPU = Debug|Any CPU
		Release|Any CPU = Release|Any CPU
	EndGlobalSection
	GlobalSection(ProjectConfigurationPlatforms) = postSolution
		{4CF61F5B-2D46-4136-B277-5080A04B395B}.Debug|Any CPU.ActiveCfg = Debug|Any CPU
		{4CF61F5B-2D46-4136-B277-5080A04B395B}.Debug|Any CPU.Build.0 = Debug|Any CPU
		{4CF61F5B-2D46-4136-B277-5080A04B395B}.Release|Any CPU.ActiveCfg = Release|Any CPU
		{4CF61F5B-2D46-4136-B277-5080A04B395B}.Release|Any CPU.Build.0 = Release|Any CPU
		{C7998560-8704-4DE0-B00E-A4657273B022}.Debug|Any CPU.ActiveCfg = Debug|Any CPU
		{C7998560-8704-4DE0-B00E-A4657273B022}.Debug|Any CPU.Build.0 = Debug|Any CPU
		{C7998560-8704-4DE0-B00E-A4657273B022}.Release|Any CPU.ActiveCfg = Release|Any CPU
		{C7998560-8704-4DE0-B00E-A4657273B022}.Release|Any CPU.Build.0 = Release|Any CPU
		{67D3E7D3-CB0E-46B1-BEDB-D5511EBFD64F}.Debug|Any CPU.ActiveCfg = Debug|Any CPU
		{67D3E7D3-CB0E-46B1-BEDB-D5511EBFD64F}.Debug|Any CPU.Build.0 = Debug|Any CPU
		{67D3E7D3-CB0E-46B1-BEDB-D5511EBFD64F}.Release|Any CPU.ActiveCfg = Release|Any CPU
		{67D3E7D3-CB0E-46B1-BEDB-D5511EBFD64F}.Release|Any CPU.Build.0 = Release|Any CPU
		{D8F0637E-6B08-49D4-9046-B39AB9A0F61D}.Debug|Any CPU.ActiveCfg = Debug|Any CPU
		{D8F0637E-6B08-49D4-9046-B39AB9A0F61D}.Debug|Any CPU.Build.0 = Debug|Any CPU
		{D8F0637E-6B08-49D4-9046-B39AB9A0F61D}.Release|Any CPU.ActiveCfg = Release|Any CPU
		{D8F0637E-6B08-49D4-9046-B39AB9A0F61D}.Release|Any CPU.Build.0 = Release|Any CPU
		{0AF2D977-5B4C-40E9-9AF1-CE93F3C92CF4}.Debug|Any CPU.ActiveCfg = Debug|Any CPU
		{0AF2D977-5B4C-40E9-9AF1-CE93F3C92CF4}.Debug|Any CPU.Build.0 = Debug|Any CPU
		{0AF2D977-5B4C-40E9-9AF1-CE93F3C92CF4}.Release|Any CPU.ActiveCfg = Release|Any CPU
		{0AF2D977-5B4C-40E9-9AF1-CE93F3C92CF4}.Release|Any CPU.Build.0 = Release|Any CPU
		{9D4C05F4-D07A-4CBB-A0A1-26965C53C1C4}.Debug|Any CPU.ActiveCfg = Debug|Any CPU
		{9D4C05F4-D07A-4CBB-A0A1-26965C53C1C4}.Debug|Any CPU.Build.0 = Debug|Any CPU
		{9D4C05F4-D07A-4CBB-A0A1-26965C53C1C4}.Release|Any CPU.ActiveCfg = Release|Any CPU
		{9D4C05F4-D07A-4CBB-A0A1-26965C53C1C4}.Release|Any CPU.Build.0 = Release|Any CPU
		{16A590FA-FA5E-411F-B824-4B8E2E6E9F56}.Debug|Any CPU.ActiveCfg = Debug|Any CPU
		{16A590FA-FA5E-411F-B824-4B8E2E6E9F56}.Debug|Any CPU.Build.0 = Debug|Any CPU
		{16A590FA-FA5E-411F-B824-4B8E2E6E9F56}.Release|Any CPU.ActiveCfg = Release|Any CPU
		{16A590FA-FA5E-411F-B824-4B8E2E6E9F56}.Release|Any CPU.Build.0 = Release|Any CPU
		{F9292D9B-4C80-453A-847B-06655EF9002A}.Debug|Any CPU.ActiveCfg = Debug|Any CPU
		{F9292D9B-4C80-453A-847B-06655EF9002A}.Debug|Any CPU.Build.0 = Debug|Any CPU
		{F9292D9B-4C80-453A-847B-06655EF9002A}.Release|Any CPU.ActiveCfg = Release|Any CPU
		{F9292D9B-4C80-453A-847B-06655EF9002A}.Release|Any CPU.Build.0 = Release|Any CPU
	EndGlobalSection
	GlobalSection(SolutionProperties) = preSolution
		HideSolutionNode = FALSE
	EndGlobalSection
EndGlobal
